
Microsoft Visual Studio Solution File, Format Version 12.00
# Visual Studio Version 17
VisualStudioVersion = 17.7.34009.444
MinimumVisualStudioVersion = 10.0.40219.1
Project("{FAE04EC0-301F-11D3-BF4B-00C04F79EFBC}") = "WebApplication1", "WebApplication1\WebApplication1.csproj", "{486B9E72-FB98-4766-BF5E-6D4123D3ABB6}"
EndProject
Global
	GlobalSection(SolutionConfigurationPlatforms) = preSolution
		Debug|Any CPU = Debug|Any CPU
		Release|Any CPU = Release|Any CPU
	EndGlobalSection
	GlobalSection(ProjectConfigurationPlatforms) = postSolution
		{486B9E72-FB98-4766-BF5E-6D4123D3ABB6}.Debug|Any CPU.ActiveCfg = Debug|Any CPU
		{486B9E72-FB98-4766-BF5E-6D4123D3ABB6}.Debug|Any CPU.Build.0 = Debug|Any CPU
		{486B9E72-FB98-4766-BF5E-6D4123D3ABB6}.Release|Any CPU.ActiveCfg = Release|Any CPU
		{486B9E72-FB98-4766-BF5E-6D4123D3ABB6}.Release|Any CPU.Build.0 = Release|Any CPU
	EndGlobalSection
	GlobalSection(SolutionProperties) = preSolution
		HideSolutionNode = FALSE
	EndGlobalSection
	GlobalSection(ExtensibilityGlobals) = postSolution
		SolutionGuid = {8A944E26-A6BD-4B71-BEBC-6C4538319AEC}
	EndGlobalSection
EndGlobal
